
Microsoft Visual Studio Solution File, Format Version 12.00
# Visual Studio Version 17
VisualStudioVersion = 17.8.34330.188
MinimumVisualStudioVersion = 10.0.40219.1
Project("{FAE04EC0-301F-11D3-BF4B-00C04F79EFBC}") = "WebApplicationAPI1", "WebApplicationAPI1\WebApplicationAPI1.csproj", "{CE1EA733-64FF-49D1-A12B-FAB92F180C49}"
EndProject
Global
	GlobalSection(SolutionConfigurationPlatforms) = preSolution
		Debug|Any CPU = Debug|Any CPU
		Release|Any CPU = Release|Any CPU
	EndGlobalSection
	GlobalSection(ProjectConfigurationPlatforms) = postSolution
		{CE1EA733-64FF-49D1-A12B-FAB92F180C49}.Debug|Any CPU.ActiveCfg = Debug|Any CPU
		{CE1EA733-64FF-49D1-A12B-FAB92F180C49}.Debug|Any CPU.Build.0 = Debug|Any CPU
		{CE1EA733-64FF-49D1-A12B-FAB92F180C49}.Release|Any CPU.ActiveCfg = Release|Any CPU
		{CE1EA733-64FF-49D1-A12B-FAB92F180C49}.Release|Any CPU.Build.0 = Release|Any CPU
	EndGlobalSection
	GlobalSection(SolutionProperties) = preSolution
		HideSolutionNode = FALSE
	EndGlobalSection
	GlobalSection(ExtensibilityGlobals) = postSolution
		SolutionGuid = {AB70D699-F322-4123-8E69-6CE1068618A5}
	EndGlobalSection
EndGlobal
